github.com/HcashOrg/bliss v0.0.0-20180719035130-f5d53c2a9b7d h1:uBrdipThpidikHT2aB/v9QZoW8ehVNaK3CvbEKBx7Ak=
github.com/HcashOrg/bliss v0.0.0-20180719035130-f5d53c2a9b7d/go.mod h1:Ey5JSoZdhxhRcRZnLGrOD9Q1sUzl4gpQkF14F4NVlE4=
github.com/HcashOrg/hcd v0.0.0-20181119094536-a288137a0d84 h1:/5whjXxgjKjbjraUFqg8oR6CTpHynrpVT5KB5Puyf+A=
github.com/HcashOrg/hcd v0.0.0-20181119094536-a288137a0d84/go.mod h1:GMeFcyDey3rDzXkKipZq95xujl3hS2nlMiKRdzyQXYY=
github.com/agl/ed25519 v0.0.0-20170116200512-5312a6153412 h1:w1UutsfOrms1J05zt7ISrnJIXKzwaspym5BTKGx93EI=
github.com/agl/ed25519 v0.0.0-20170116200512-5312a6153412/go.mod h1:WPjqKcmVOxf0XSf3YxCJs6N6AOSrOx3obionmG7T0y0=
github.com/bitly/go-simplejson v0.5.0 h1:6IH+V8/tVMab511d5bn4M7EwGXZf9Hj6i2xSwkNEM+Y=
github.com/bitly/go-simplejson v0.5.0/go.mod h1:cXHtHw4XUPsvGaxgjIAn8PhEWG9NfngEKAMDJEczWVA=
github.com/btcsuite/btcd v0.0.0-20181013004428-67e573d211ac h1:/zx+Hglw2JN/pwVam1Z8cTCTl4pWyrbvOn2oooqCQSs=
github.com/btcsuite/btcd v0.0.0-20181013004428-67e573d211ac/go.mod h1:Dmm/EzmjnCiweXmzRIAiUWCInVmPgjkzgv5k4tVyXiQ=
github.com/btcsuite/btclog v0.0.0-20170628155309-84c8d2346e9f h1:bAs4lUbRJpnnkd9VhRV3jjAVU7DJVjMaK+IsvSeZvFo=
github.com/btcsuite/btclog v0.0.0-20170628155309-84c8d2346e9f/go.mod h1:TdznJufoqS23FtqVCzL0ZqgP5MqXbb4fg/WgDys70nA=
github.com/btcsuite/btcutil v0.0.0-20180706230648-ab6388e0c60a h1:RQMUrEILyYJEoAT34XS/kLu40vC0+po/UfxrBBA4qZE=
github.com/btcsuite/btcutil v0.0.0-20180706230648-ab6388e0c60a/go.mod h1:+5NJ2+qvTyV9exUAL/rxXi3DcLg2Ts+ymUAY5y4NvMg=
github.com/btcsuite/golangcrypto v0.0.0-20150304025918-53f62d9b43e8 h1:nOsAWScwueMVk/VLm/dvQQD7DuanyvAUb6B3P3eT274=
github.com/btcsuite/golangcrypto v0.0.0-20150304025918-53f62d9b43e8/go.mod h1:tYvUd8KLhm/oXvUeSEs2VlLghFjQt9+ZaF9ghH0JNjc=
github.com/davecgh/go-spew v1.1.1 h1:vj9j/u1bqnvCEfJOwUhtlOARqs3+rkHYY13jYWTU97c=
github.com/davecgh/go-spew v1.1.1/go.mod h1:J7Y8YcW2NihsgmVo/mv3lAwl/skON4iLHjSsI+c5H38=
github.com/dchest/blake256 v1.0.0 h1:6gUgI5MHdz9g0TdrgKqXsoDX+Zjxmm1Sc6OsoGru50I=
github.com/dchest/blake256 v1.0.0/go.mod h1:xXNWCE1jsAP8DAjP+rKw2MbeqLczjI3TRx2VK+9OEYY=
github.com/ebfe/keccak v0.0.0-20150115210727-5cc570678d1b h1:BMyjwV6Fal/Ffphi4dJfulSxMeDl0xFS2vs5QLr6rsI=
github.com/ebfe/keccak v0.0.0-20150115210727-5cc570678d1b/go.mod h1:fnviDXB7GJWiSUI9thIXmk9QKM8Rhj1JV/LcMRzkiVA=
github.com/ethereum/go-ethereum v1.8.18 h1:ihTGGzBE6umIZsjR7Iijvlx0Ri0TqazhxRvdkIyBBok=
github.com/ethereum/go-ethereum v1.8.18/go.mod h1:PwpWDrCLZrV+tfrhqqF6kPknbISMHaJv9Ln3kPCZLwY=
github.com/go-sql-driver/mysql v1.4.1 h1:g24URVg0OFbNUTx9qqY1IRZ9D9z3iPyi5zKhQZpNwpA=
github.com/go-sql-driver/mysql v1.4.1/go.mod h1:zAC/RDZ24gD3HViQzih4MyKcchzm+sOG5ZlKdlhCg5w=
github.com/golang/crypto v0.0.0-20181112202954-3d3f9f413869 h1:sHNLrAg9JxF30IF1oV1jOMYBLqKBZwHFazq25fMDzi8=
github.com/golang/crypto v0.0.0-20181112202954-3d3f9f413869/go.mod h1:uZvAcrsnNaCxlh1HorK5dUQHGmEKPh2H/Rl1kehswPo=
github.com/gorilla/rpc v1.1.0 h1:marKfvVP0Gpd/jHlVBKCQ8RAoUPdX7K1Nuh6l1BNh7A=
github.com/gorilla/rpc v1.1.0/go.mod h1:V4h9r+4sF5HnzqbwIez0fKSpANP0zlYd3qR7p36jkTQ=
github.com/moul/http2curl v1.0.0 h1:dRMWoAtb+ePxMlLkrCbAqh4TlPHXvoGUSQ323/9Zahs=
github.com/moul/http2curl v1.0.0/go.mod h1:8UbvGypXm98wA/IqH45anm5Y2Z6ep6O31QGOAZ3H0fQ=
github.com/parnurzeal/gorequest v0.2.15 h1:oPjDCsF5IkD4gUk6vIgsxYNaSgvAnIh1EJeROn3HdJU=
github.com/parnurzeal/gorequest v0.2.15/go.mod h1:3Kh2QUMJoqw3icWAecsyzkpY7UzRfDhbRdTjtNwNiUE=
github.com/pkg/errors v0.8.0 h1:WdK/asTD0HN+q6hsWO3/vpuAkAr+tw6aNJNDFFf0+qw=
github.com/pkg/errors v0.8.0/go.mod h1:bwawxfHBFNV+L2hUp1rHADufV3IMtnDRdf1r5NINEl0=
github.com/pmezard/go-difflib v1.0.0 h1:4DBwDE0NGyQoBHbLQYPwSUPoCMWR5BEzIk/f1lZbAQM=
github.com/pmezard/go-difflib v1.0.0/go.mod h1:iKH77koFhYxTK1pcRnkKkqfTogsbg7gZNVY4sRDYZ/4=
github.com/stretchr/testify v1.2.2 h1:bSDNvY7ZPG5RlJ8otE/7V6gMiyenm9RtJ7IUVIAoJ1w=
github.com/stretchr/testify v1.2.2/go.mod h1:a8OnRcib4nhh0OaRAV+Yts87kKdq0PP7pXfy6kDkUVs=
github.com/tyler-smith/go-bip39 v1.0.0 h1:FOHg9gaQLeBBRbHE/QrTLfEiBHy5pQ/yXzf9JG5pYFM=
github.com/tyler-smith/go-bip39 v1.0.0/go.mod h1:sJ5fKU0s6JVwZjjcUEX2zFOnvq0ASQ2K9Zr6cf67kNs=
